<?xml version="1.0" encoding="utf-8"?>
<Project ToolsVersion="4.0" xmlns="http://schemas.microsoft.com/developer/msbuild/2003">
  <ItemGroup>
    <Filter Include="Исходные файлы">
      <UniqueIdentifier>{4FC737F1-C7A5-4376-A066-2A32D752A2FF}</UniqueIdentifier>
      <Extensions>cpp;c;cc;cxx;c++;cppm;ixx;def;odl;idl;hpj;bat;asm;asmx</Extensions>
    </Filter>
    <Filter Include="Файлы заголовков">
      <UniqueIdentifier>{93995380-89BD-4b04-88EB-625FBE52EBFB}</UniqueIdentifier>
      <Extensions>h;hh;hpp;hxx;h++;hm;inl;inc;ipp;xsd</Extensions>
    </Filter>
    <Filter Include="Файлы ресурсов">
      <UniqueIdentifier>{67DA6AB6-F800-4c08-8B7A-83BB121AAD01}</UniqueIdentifier>
      <Extensions>rc;ico;cur;bmp;dlg;rc2;rct;bin;rgs;gif;jpg;jpeg;jpe;resx;tiff;tif;png;wav;mfcribbon-ms</Extensions>
    </Filter>
    <Filter Include="Исходные файлы\gamestates">
      <UniqueIdentifier>{a2017913-77d3-486d-83e2-030077bb16a1}</UniqueIdentifier>
    </Filter>
    <Filter Include="Файлы заголовков\gamestates">
      <UniqueIdentifier>{5c4d83d0-0cf8-4d9c-a821-2d733108148e}</UniqueIdentifier>
    </Filter>
  </ItemGroup>
  <ItemGroup>
    <ClCompile Include="main.cpp">
      <Filter>Исходные файлы</Filter>
    </ClCompile>
    <ClCompile Include="SlotSymbol.cpp">
      <Filter>Исходные файлы</Filter>
    </ClCompile>
    <ClCompile Include="SlotRow.cpp">
      <Filter>Исходные файлы</Filter>
    </ClCompile>
    <ClCompile Include="StateMachine.cpp">
      <Filter>Исходные файлы</Filter>
    </ClCompile>
    <ClCompile Include="GameState.cpp">
      <Filter>Исходные файлы\gamestates</Filter>
    </ClCompile>
    <ClCompile Include="SlotSpinning.cpp">
      <Filter>Исходные файлы\gamestates</Filter>
    </ClCompile>
    <ClCompile Include="AwaitingInput.cpp">
      <Filter>Исходные файлы\gamestates</Filter>
    </ClCompile>
    <ClCompile Include="ResultDisplay.cpp">
      <Filter>Исходные файлы\gamestates</Filter>
    </ClCompile>
    <ClCompile Include="Renderer.cpp">
      <Filter>Исходные файлы</Filter>
    </ClCompile>
    <ClCompile Include="Button.cpp">
      <Filter>Исходные файлы</Filter>
    </ClCompile>
  </ItemGroup>
  <ItemGroup>
    <ClInclude Include="SlotSymbol.h">
      <Filter>Файлы заголовков</Filter>
    </ClInclude>
    <ClInclude Include="SlotRow.h">
      <Filter>Файлы заголовков</Filter>
    </ClInclude>
    <ClInclude Include="StateMachine.h">
      <Filter>Файлы заголовков</Filter>
    </ClInclude>
    <ClInclude Include="GameState.h">
      <Filter>Файлы заголовков\gamestates</Filter>
    </ClInclude>
    <ClInclude Include="AwaitingInput.h">
      <Filter>Файлы заголовков\gamestates</Filter>
    </ClInclude>
    <ClInclude Include="ResultDisplay.h">
      <Filter>Файлы заголовков\gamestates</Filter>
    </ClInclude>
    <ClInclude Include="SlotSpinning.h">
      <Filter>Файлы заголовков\gamestates</Filter>
    </ClInclude>
    <ClInclude Include="Renderer.h">
      <Filter>Файлы заголовков</Filter>
    </ClInclude>
    <ClInclude Include="Globals.h">
      <Filter>Файлы заголовков</Filter>
    </ClInclude>
    <ClInclude Include="Button.h">
      <Filter>Файлы заголовков</Filter>
    </ClInclude>
  </ItemGroup>
</Project>